// !$*UTF8*$!
{
	archiveVersion = 1;
	classes = {
	};
	objectVersion = 51;
	objects = {

/* Begin PBXBuildFile section */
		8806536D2449D93100B6010D /* LoginTab.swift in Sources */ = {isa = PBXBuildFile; fileRef = 8806536C2449D93100B6010D /* LoginTab.swift */; };
		88318CEF244B77D000B85FAD /* registerTab.swift in Sources */ = {isa = PBXBuildFile; fileRef = 88318CEE244B77D000B85FAD /* registerTab.swift */; };
		88318CF1244B877F00B85FAD /* ProfilTab.swift in Sources */ = {isa = PBXBuildFile; fileRef = 88318CF0244B877F00B85FAD /* ProfilTab.swift */; };
		886DF54424492DBB006BC63E /* AppDelegate.swift in Sources */ = {isa = PBXBuildFile; fileRef = 886DF54324492DBB006BC63E /* AppDelegate.swift */; };
		886DF54624492DBB006BC63E /* SceneDelegate.swift in Sources */ = {isa = PBXBuildFile; fileRef = 886DF54524492DBB006BC63E /* SceneDelegate.swift */; };
		886DF54824492DBB006BC63E /* ViewController.swift in Sources */ = {isa = PBXBuildFile; fileRef = 886DF54724492DBB006BC63E /* ViewController.swift */; };
		886DF54B24492DBB006BC63E /* Main.storyboard in Resources */ = {isa = PBXBuildFile; fileRef = 886DF54924492DBB006BC63E /* Main.storyboard */; };
		886DF54D24492DBD006BC63E /* Assets.xcassets in Resources */ = {isa = PBXBuildFile; fileRef = 886DF54C24492DBD006BC63E /* Assets.xcassets */; };
		886DF55024492DBD006BC63E /* LaunchScreen.storyboard in Resources */ = {isa = PBXBuildFile; fileRef = 886DF54E24492DBD006BC63E /* LaunchScreen.storyboard */; };
		886DF55A244932EA006BC63E /* MenuPunkt.swift in Sources */ = {isa = PBXBuildFile; fileRef = 886DF559244932EA006BC63E /* MenuPunkt.swift */; };
		886DF55C24493335006BC63E /* ModelData.swift in Sources */ = {isa = PBXBuildFile; fileRef = 886DF55B24493335006BC63E /* ModelData.swift */; };
		886DF55E24493A59006BC63E /* MenuPointCell.swift in Sources */ = {isa = PBXBuildFile; fileRef = 886DF55D24493A59006BC63E /* MenuPointCell.swift */; };
		8883F90B2735FEF4007C7F4E /* Constants.swift in Sources */ = {isa = PBXBuildFile; fileRef = 8883F90A2735FEF4007C7F4E /* Constants.swift */; };
		88922E49244A647B000C46D1 /* AdminModeTab.swift in Sources */ = {isa = PBXBuildFile; fileRef = 88922E48244A647B000C46D1 /* AdminModeTab.swift */; };
		88922E4B244A6D33000C46D1 /* FirmenLizenzCheckTab.swift in Sources */ = {isa = PBXBuildFile; fileRef = 88922E4A244A6D33000C46D1 /* FirmenLizenzCheckTab.swift */; };
		88922E4D244A6F4D000C46D1 /* Lizenz.swift in Sources */ = {isa = PBXBuildFile; fileRef = 88922E4C244A6F4D000C46D1 /* Lizenz.swift */; };
		88ABF9B9244BC95F006E13F4 /* LebensmittelHinzufügenTab.swift in Sources */ = {isa = PBXBuildFile; fileRef = 88ABF9B8244BC95F006E13F4 /* LebensmittelHinzufügenTab.swift */; };
		88ABF9BB244BD09F006E13F4 /* ImagePicker.swift in Sources */ = {isa = PBXBuildFile; fileRef = 88ABF9BA244BD09F006E13F4 /* ImagePicker.swift */; };
		88BA627525165DCD00E534B9 /* createFilialeTab.swift in Sources */ = {isa = PBXBuildFile; fileRef = 88BA627425165DCD00E534B9 /* createFilialeTab.swift */; };
		88BF920D244C6C1000E5EE6B /* LebensmittelSearchTab.swift in Sources */ = {isa = PBXBuildFile; fileRef = 88BF920C244C6C1000E5EE6B /* LebensmittelSearchTab.swift */; };
		88BF920F244C6D7000E5EE6B /* LebensmittelCell.swift in Sources */ = {isa = PBXBuildFile; fileRef = 88BF920E244C6D7000E5EE6B /* LebensmittelCell.swift */; };
		88C33ADB244CF2D400723ADE /* LebensmittelDetailsTab.swift in Sources */ = {isa = PBXBuildFile; fileRef = 88C33ADA244CF2D400723ADE /* LebensmittelDetailsTab.swift */; };
		88C33ADD244D1DC400723ADE /* beep.wav in Resources */ = {isa = PBXBuildFile; fileRef = 88C33ADC244D1DC400723ADE /* beep.wav */; };
		88C33ADF244D271500723ADE /* LieferungHinzufügenTab.swift in Sources */ = {isa = PBXBuildFile; fileRef = 88C33ADE244D271500723ADE /* LieferungHinzufügenTab.swift */; };
		88C377EC2449E346004931C1 /* LebensmittelTab.swift in Sources */ = {isa = PBXBuildFile; fileRef = 88C377EB2449E346004931C1 /* LebensmittelTab.swift */; };
		88C377EE2449F1A5004931C1 /* ListeAnsehenTab.swift in Sources */ = {isa = PBXBuildFile; fileRef = 88C377ED2449F1A5004931C1 /* ListeAnsehenTab.swift */; };
		88C377F02449F43F004931C1 /* NeueLieferungTab.swift in Sources */ = {isa = PBXBuildFile; fileRef = 88C377EF2449F43F004931C1 /* NeueLieferungTab.swift */; };
		88C377F2244A1310004931C1 /* Lebensmittel.swift in Sources */ = {isa = PBXBuildFile; fileRef = 88C377F1244A1310004931C1 /* Lebensmittel.swift */; };
		88C377F6244A142D004931C1 /* Mitarbeiter.swift in Sources */ = {isa = PBXBuildFile; fileRef = 88C377F5244A142D004931C1 /* Mitarbeiter.swift */; };
		88E86876244B1BE8006E3BB3 /* Unternehmen.swift in Sources */ = {isa = PBXBuildFile; fileRef = 88E86875244B1BE8006E3BB3 /* Unternehmen.swift */; };
		88E86878244B1D39006E3BB3 /* FilialenCell.swift in Sources */ = {isa = PBXBuildFile; fileRef = 88E86877244B1D39006E3BB3 /* FilialenCell.swift */; };
		88E8687A244B1DA3006E3BB3 /* FilialenVerwaltenTab.swift in Sources */ = {isa = PBXBuildFile; fileRef = 88E86879244B1DA3006E3BB3 /* FilialenVerwaltenTab.swift */; };
		88E8687C244B1E58006E3BB3 /* Filiale.swift in Sources */ = {isa = PBXBuildFile; fileRef = 88E8687B244B1E58006E3BB3 /* Filiale.swift */; };
		88E8687E244B1EDB006E3BB3 /* Lieferrung.swift in Sources */ = {isa = PBXBuildFile; fileRef = 88E8687D244B1EDB006E3BB3 /* Lieferrung.swift */; };
		88E86884244B2033006E3BB3 /* Berechtigungscode.swift in Sources */ = {isa = PBXBuildFile; fileRef = 88E86883244B2032006E3BB3 /* Berechtigungscode.swift */; };
		88E86888244B2F1B006E3BB3 /* FilialenDetailTab.swift in Sources */ = {isa = PBXBuildFile; fileRef = 88E86887244B2F1B006E3BB3 /* FilialenDetailTab.swift */; };
		88F6F8132514D86700DCC88E /* FBHandler.swift in Sources */ = {isa = PBXBuildFile; fileRef = 88F6F8122514D86700DCC88E /* FBHandler.swift */; };
		88F6F8152514D97700DCC88E /* GoogleService-Info.plist in Resources */ = {isa = PBXBuildFile; fileRef = 88F6F8142514D97700DCC88E /* GoogleService-Info.plist */; };
		88F6F8172514D9CF00DCC88E /* User.swift in Sources */ = {isa = PBXBuildFile; fileRef = 88F6F8162514D9CF00DCC88E /* User.swift */; };
		88F6F8192514E18C00DCC88E /* splashScreenTab.swift in Sources */ = {isa = PBXBuildFile; fileRef = 88F6F8182514E18C00DCC88E /* splashScreenTab.swift */; };
		88F7E956245117A700B1867F /* LebensmittelLieferungCell.swift in Sources */ = {isa = PBXBuildFile; fileRef = 88F7E955245117A700B1867F /* LebensmittelLieferungCell.swift */; };
		88F7E958245118C200B1867F /* baldAblaufendTab.swift in Sources */ = {isa = PBXBuildFile; fileRef = 88F7E957245118C200B1867F /* baldAblaufendTab.swift */; };
		A4147A756AAD723D52F9F70F /* Pods_TrackFood.framework in Frameworks */ = {isa = PBXBuildFile; fileRef = C31B6CE83A454436247B9D26 /* Pods_TrackFood.framework */; };
/* End PBXBuildFile section */

/* Begin PBXFileReference section */
		727839F3C3FF56E8349E0CC4 /* Pods-TrackFood.debug.xcconfig */ = {isa = PBXFileReference; includeInIndex = 1; lastKnownFileType = text.xcconfig; name = "Pods-TrackFood.debug.xcconfig"; path = "Target Support Files/Pods-TrackFood/Pods-TrackFood.debug.xcconfig"; sourceTree = "<group>"; };
		8806536C2449D93100B6010D /* LoginTab.swift */ = {isa = PBXFileReference; lastKnownFileType = sourcecode.swift; path = LoginTab.swift; sourceTree = "<group>"; };
		88318CEE244B77D000B85FAD /* registerTab.swift */ = {isa = PBXFileReference; lastKnownFileType = sourcecode.swift; path = registerTab.swift; sourceTree = "<group>"; };
		88318CF0244B877F00B85FAD /* ProfilTab.swift */ = {isa = PBXFileReference; lastKnownFileType = sourcecode.swift; path = ProfilTab.swift; sourceTree = "<group>"; };
		886DF54024492DBB006BC63E /* TrackFood.app */ = {isa = PBXFileReference; explicitFileType = wrapper.application; includeInIndex = 0; path = TrackFood.app; sourceTree = BUILT_PRODUCTS_DIR; };
		886DF54324492DBB006BC63E /* AppDelegate.swift */ = {isa = PBXFileReference; lastKnownFileType = sourcecode.swift; path = AppDelegate.swift; sourceTree = "<group>"; };
		886DF54524492DBB006BC63E /* SceneDelegate.swift */ = {isa = PBXFileReference; lastKnownFileType = sourcecode.swift; path = SceneDelegate.swift; sourceTree = "<group>"; };
		886DF54724492DBB006BC63E /* ViewController.swift */ = {isa = PBXFileReference; lastKnownFileType = sourcecode.swift; path = ViewController.swift; sourceTree = "<group>"; };
		886DF54A24492DBB006BC63E /* Base */ = {isa = PBXFileReference; lastKnownFileType = file.storyboard; name = Base; path = Base.lproj/Main.storyboard; sourceTree = "<group>"; };
		886DF54C24492DBD006BC63E /* Assets.xcassets */ = {isa = PBXFileReference; lastKnownFileType = folder.assetcatalog; path = Assets.xcassets; sourceTree = "<group>"; };
		886DF54F24492DBD006BC63E /* Base */ = {isa = PBXFileReference; lastKnownFileType = file.storyboard; name = Base; path = Base.lproj/LaunchScreen.storyboard; sourceTree = "<group>"; };
		886DF55124492DBD006BC63E /* Info.plist */ = {isa = PBXFileReference; lastKnownFileType = text.plist.xml; path = Info.plist; sourceTree = "<group>"; };
		886DF559244932EA006BC63E /* MenuPunkt.swift */ = {isa = PBXFileReference; lastKnownFileType = sourcecode.swift; path = MenuPunkt.swift; sourceTree = "<group>"; };
		886DF55B24493335006BC63E /* ModelData.swift */ = {isa = PBXFileReference; lastKnownFileType = sourcecode.swift; path = ModelData.swift; sourceTree = "<group>"; };
		886DF55D24493A59006BC63E /* MenuPointCell.swift */ = {isa = PBXFileReference; lastKnownFileType = sourcecode.swift; path = MenuPointCell.swift; sourceTree = "<group>"; };
		8883F90A2735FEF4007C7F4E /* Constants.swift */ = {isa = PBXFileReference; lastKnownFileType = sourcecode.swift; path = Constants.swift; sourceTree = "<group>"; };
		88922E48244A647B000C46D1 /* AdminModeTab.swift */ = {isa = PBXFileReference; lastKnownFileType = sourcecode.swift; path = AdminModeTab.swift; sourceTree = "<group>"; };
		88922E4A244A6D33000C46D1 /* FirmenLizenzCheckTab.swift */ = {isa = PBXFileReference; lastKnownFileType = sourcecode.swift; path = FirmenLizenzCheckTab.swift; sourceTree = "<group>"; };
		88922E4C244A6F4D000C46D1 /* Lizenz.swift */ = {isa = PBXFileReference; lastKnownFileType = sourcecode.swift; path = Lizenz.swift; sourceTree = "<group>"; };
		88ABF9B8244BC95F006E13F4 /* LebensmittelHinzufügenTab.swift */ = {isa = PBXFileReference; lastKnownFileType = sourcecode.swift; path = "LebensmittelHinzufügenTab.swift"; sourceTree = "<group>"; };
		88ABF9BA244BD09F006E13F4 /* ImagePicker.swift */ = {isa = PBXFileReference; fileEncoding = 4; lastKnownFileType = sourcecode.swift; path = ImagePicker.swift; sourceTree = "<group>"; };
		88BA627425165DCD00E534B9 /* createFilialeTab.swift */ = {isa = PBXFileReference; lastKnownFileType = sourcecode.swift; path = createFilialeTab.swift; sourceTree = "<group>"; };
		88BF920C244C6C1000E5EE6B /* LebensmittelSearchTab.swift */ = {isa = PBXFileReference; lastKnownFileType = sourcecode.swift; path = LebensmittelSearchTab.swift; sourceTree = "<group>"; };
		88BF920E244C6D7000E5EE6B /* LebensmittelCell.swift */ = {isa = PBXFileReference; lastKnownFileType = sourcecode.swift; path = LebensmittelCell.swift; sourceTree = "<group>"; };
		88C33ADA244CF2D400723ADE /* LebensmittelDetailsTab.swift */ = {isa = PBXFileReference; lastKnownFileType = sourcecode.swift; path = LebensmittelDetailsTab.swift; sourceTree = "<group>"; };
		88C33ADC244D1DC400723ADE /* beep.wav */ = {isa = PBXFileReference; lastKnownFileType = audio.wav; path = beep.wav; sourceTree = "<group>"; };
		88C33ADE244D271500723ADE /* LieferungHinzufügenTab.swift */ = {isa = PBXFileReference; lastKnownFileType = sourcecode.swift; path = "LieferungHinzufügenTab.swift"; sourceTree = "<group>"; };
		88C377EB2449E346004931C1 /* LebensmittelTab.swift */ = {isa = PBXFileReference; lastKnownFileType = sourcecode.swift; path = LebensmittelTab.swift; sourceTree = "<group>"; };
		88C377ED2449F1A5004931C1 /* ListeAnsehenTab.swift */ = {isa = PBXFileReference; lastKnownFileType = sourcecode.swift; path = ListeAnsehenTab.swift; sourceTree = "<group>"; };
		88C377EF2449F43F004931C1 /* NeueLieferungTab.swift */ = {isa = PBXFileReference; lastKnownFileType = sourcecode.swift; path = NeueLieferungTab.swift; sourceTree = "<group>"; };
		88C377F1244A1310004931C1 /* Lebensmittel.swift */ = {isa = PBXFileReference; lastKnownFileType = sourcecode.swift; path = Lebensmittel.swift; sourceTree = "<group>"; };
		88C377F5244A142D004931C1 /* Mitarbeiter.swift */ = {isa = PBXFileReference; lastKnownFileType = sourcecode.swift; path = Mitarbeiter.swift; sourceTree = "<group>"; };
		88E86875244B1BE8006E3BB3 /* Unternehmen.swift */ = {isa = PBXFileReference; fileEncoding = 4; lastKnownFileType = sourcecode.swift; path = Unternehmen.swift; sourceTree = "<group>"; };
		88E86877244B1D39006E3BB3 /* FilialenCell.swift */ = {isa = PBXFileReference; lastKnownFileType = sourcecode.swift; path = FilialenCell.swift; sourceTree = "<group>"; };
		88E86879244B1DA3006E3BB3 /* FilialenVerwaltenTab.swift */ = {isa = PBXFileReference; lastKnownFileType = sourcecode.swift; path = FilialenVerwaltenTab.swift; sourceTree = "<group>"; };
		88E8687B244B1E58006E3BB3 /* Filiale.swift */ = {isa = PBXFileReference; fileEncoding = 4; lastKnownFileType = sourcecode.swift; path = Filiale.swift; sourceTree = "<group>"; };
		88E8687D244B1EDB006E3BB3 /* Lieferrung.swift */ = {isa = PBXFileReference; fileEncoding = 4; lastKnownFileType = sourcecode.swift; path = Lieferrung.swift; sourceTree = "<group>"; };
		88E86883244B2032006E3BB3 /* Berechtigungscode.swift */ = {isa = PBXFileReference; fileEncoding = 4; lastKnownFileType = sourcecode.swift; path = Berechtigungscode.swift; sourceTree = "<group>"; };
		88E86887244B2F1B006E3BB3 /* FilialenDetailTab.swift */ = {isa = PBXFileReference; lastKnownFileType = sourcecode.swift; path = FilialenDetailTab.swift; sourceTree = "<group>"; };
		88F6F8122514D86700DCC88E /* FBHandler.swift */ = {isa = PBXFileReference; lastKnownFileType = sourcecode.swift; path = FBHandler.swift; sourceTree = "<group>"; };
		88F6F8142514D97700DCC88E /* GoogleService-Info.plist */ = {isa = PBXFileReference; fileEncoding = 4; lastKnownFileType = text.plist.xml; path = "GoogleService-Info.plist"; sourceTree = "<group>"; };
		88F6F8162514D9CF00DCC88E /* User.swift */ = {isa = PBXFileReference; lastKnownFileType = sourcecode.swift; path = User.swift; sourceTree = "<group>"; };
		88F6F8182514E18C00DCC88E /* splashScreenTab.swift */ = {isa = PBXFileReference; lastKnownFileType = sourcecode.swift; path = splashScreenTab.swift; sourceTree = "<group>"; };
		88F7E955245117A700B1867F /* LebensmittelLieferungCell.swift */ = {isa = PBXFileReference; lastKnownFileType = sourcecode.swift; path = LebensmittelLieferungCell.swift; sourceTree = "<group>"; };
		88F7E957245118C200B1867F /* baldAblaufendTab.swift */ = {isa = PBXFileReference; lastKnownFileType = sourcecode.swift; path = baldAblaufendTab.swift; sourceTree = "<group>"; };
		C31B6CE83A454436247B9D26 /* Pods_TrackFood.framework */ = {isa = PBXFileReference; explicitFileType = wrapper.framework; includeInIndex = 0; path = Pods_TrackFood.framework; sourceTree = BUILT_PRODUCTS_DIR; };
		D9D47D5C009AEB3005C9B39C /* Pods-TrackFood.release.xcconfig */ = {isa = PBXFileReference; includeInIndex = 1; lastKnownFileType = text.xcconfig; name = "Pods-TrackFood.release.xcconfig"; path = "Target Support Files/Pods-TrackFood/Pods-TrackFood.release.xcconfig"; sourceTree = "<group>"; };
/* End PBXFileReference section */

/* Begin PBXFrameworksBuildPhase section */
		886DF53D24492DBB006BC63E /* Frameworks */ = {
			isa = PBXFrameworksBuildPhase;
			buildActionMask = 2147483647;
			files = (
				A4147A756AAD723D52F9F70F /* Pods_TrackFood.framework in Frameworks */,
			);
			runOnlyForDeploymentPostprocessing = 0;
		};
/* End PBXFrameworksBuildPhase section */

/* Begin PBXGroup section */
		886DF53724492DBB006BC63E = {
			isa = PBXGroup;
			children = (
				886DF54224492DBB006BC63E /* TrackFood */,
				886DF54124492DBB006BC63E /* Products */,
				D5E9AE9C2C44E74383A9F456 /* Pods */,
				9E72D0F26B83904671A1B3FE /* Frameworks */,
			);
			sourceTree = "<group>";
		};
		886DF54124492DBB006BC63E /* Products */ = {
			isa = PBXGroup;
			children = (
				886DF54024492DBB006BC63E /* TrackFood.app */,
			);
			name = Products;
			sourceTree = "<group>";
		};
		886DF54224492DBB006BC63E /* TrackFood */ = {
			isa = PBXGroup;
			children = (
				88F6F8142514D97700DCC88E /* GoogleService-Info.plist */,
				886DF55B24493335006BC63E /* ModelData.swift */,
				886DF54324492DBB006BC63E /* AppDelegate.swift */,
				886DF54524492DBB006BC63E /* SceneDelegate.swift */,
				886DF54724492DBB006BC63E /* ViewController.swift */,
				886DF54924492DBB006BC63E /* Main.storyboard */,
				886DF54C24492DBD006BC63E /* Assets.xcassets */,
				88C33ADC244D1DC400723ADE /* beep.wav */,
				886DF54E24492DBD006BC63E /* LaunchScreen.storyboard */,
				886DF55124492DBD006BC63E /* Info.plist */,
				88F6F8122514D86700DCC88E /* FBHandler.swift */,
				886DF559244932EA006BC63E /* MenuPunkt.swift */,
				886DF55D24493A59006BC63E /* MenuPointCell.swift */,
				8806536C2449D93100B6010D /* LoginTab.swift */,
				88C377EB2449E346004931C1 /* LebensmittelTab.swift */,
				88C377ED2449F1A5004931C1 /* ListeAnsehenTab.swift */,
				88C377EF2449F43F004931C1 /* NeueLieferungTab.swift */,
				88C377F1244A1310004931C1 /* Lebensmittel.swift */,
				88ABF9BA244BD09F006E13F4 /* ImagePicker.swift */,
				88C377F5244A142D004931C1 /* Mitarbeiter.swift */,
				88922E48244A647B000C46D1 /* AdminModeTab.swift */,
				88922E4A244A6D33000C46D1 /* FirmenLizenzCheckTab.swift */,
				88922E4C244A6F4D000C46D1 /* Lizenz.swift */,
				88E8687D244B1EDB006E3BB3 /* Lieferrung.swift */,
				88E86883244B2032006E3BB3 /* Berechtigungscode.swift */,
				88E8687B244B1E58006E3BB3 /* Filiale.swift */,
				88E86875244B1BE8006E3BB3 /* Unternehmen.swift */,
				88E86877244B1D39006E3BB3 /* FilialenCell.swift */,
				88E86879244B1DA3006E3BB3 /* FilialenVerwaltenTab.swift */,
				88E86887244B2F1B006E3BB3 /* FilialenDetailTab.swift */,
				88318CEE244B77D000B85FAD /* registerTab.swift */,
				88318CF0244B877F00B85FAD /* ProfilTab.swift */,
				88ABF9B8244BC95F006E13F4 /* LebensmittelHinzufügenTab.swift */,
				88BF920C244C6C1000E5EE6B /* LebensmittelSearchTab.swift */,
				88BF920E244C6D7000E5EE6B /* LebensmittelCell.swift */,
				88C33ADA244CF2D400723ADE /* LebensmittelDetailsTab.swift */,
				88C33ADE244D271500723ADE /* LieferungHinzufügenTab.swift */,
				88F7E955245117A700B1867F /* LebensmittelLieferungCell.swift */,
				88F7E957245118C200B1867F /* baldAblaufendTab.swift */,
				88F6F8162514D9CF00DCC88E /* User.swift */,
				88F6F8182514E18C00DCC88E /* splashScreenTab.swift */,
				88BA627425165DCD00E534B9 /* createFilialeTab.swift */,
				8883F90A2735FEF4007C7F4E /* Constants.swift */,
			);
			path = TrackFood;
			sourceTree = "<group>";
		};
		9E72D0F26B83904671A1B3FE /* Frameworks */ = {
			isa = PBXGroup;
			children = (
				C31B6CE83A454436247B9D26 /* Pods_TrackFood.framework */,
			);
			name = Frameworks;
			sourceTree = "<group>";
		};
		D5E9AE9C2C44E74383A9F456 /* Pods */ = {
			isa = PBXGroup;
			children = (
				727839F3C3FF56E8349E0CC4 /* Pods-TrackFood.debug.xcconfig */,
				D9D47D5C009AEB3005C9B39C /* Pods-TrackFood.release.xcconfig */,
			);
			path = Pods;
			sourceTree = "<group>";
		};
/* End PBXGroup section */

/* Begin PBXNativeTarget section */
		886DF53F24492DBB006BC63E /* TrackFood */ = {
			isa = PBXNativeTarget;
			buildConfigurationList = 886DF55424492DBD006BC63E /* Build configuration list for PBXNativeTarget "TrackFood" */;
			buildPhases = (
				9808C9A504942F9FAE936345 /* [CP] Check Pods Manifest.lock */,
				886DF53C24492DBB006BC63E /* Sources */,
				886DF53D24492DBB006BC63E /* Frameworks */,
				886DF53E24492DBB006BC63E /* Resources */,
				00EBE75166AE5AE75617E7B8 /* [CP] Embed Pods Frameworks */,
			);
			buildRules = (
			);
			dependencies = (
			);
			name = TrackFood;
			productName = TrackFood;
			productReference = 886DF54024492DBB006BC63E /* TrackFood.app */;
			productType = "com.apple.product-type.application";
		};
/* End PBXNativeTarget section */

/* Begin PBXProject section */
		886DF53824492DBB006BC63E /* Project object */ = {
			isa = PBXProject;
			attributes = {
				LastSwiftUpdateCheck = 1140;
				LastUpgradeCheck = 1140;
				ORGANIZATIONNAME = "Alpay Kücük";
				TargetAttributes = {
					886DF53F24492DBB006BC63E = {
						CreatedOnToolsVersion = 11.4;
					};
				};
			};
			buildConfigurationList = 886DF53B24492DBB006BC63E /* Build configuration list for PBXProject "TrackFood" */;
			compatibilityVersion = "Xcode 9.3";
			developmentRegion = en;
			hasScannedForEncodings = 0;
			knownRegions = (
				en,
				Base,
			);
			mainGroup = 886DF53724492DBB006BC63E;
			productRefGroup = 886DF54124492DBB006BC63E /* Products */;
			projectDirPath = "";
			projectRoot = "";
			targets = (
				886DF53F24492DBB006BC63E /* TrackFood */,
			);
		};
/* End PBXProject section */

/* Begin PBXResourcesBuildPhase section */
		886DF53E24492DBB006BC63E /* Resources */ = {
			isa = PBXResourcesBuildPhase;
			buildActionMask = 2147483647;
			files = (
				88C33ADD244D1DC400723ADE /* beep.wav in Resources */,
				886DF55024492DBD006BC63E /* LaunchScreen.storyboard in Resources */,
				88F6F8152514D97700DCC88E /* GoogleService-Info.plist in Resources */,
				886DF54D24492DBD006BC63E /* Assets.xcassets in Resources */,
				886DF54B24492DBB006BC63E /* Main.storyboard in Resources */,
			);
			runOnlyForDeploymentPostprocessing = 0;
		};
/* End PBXResourcesBuildPhase section */

/* Begin PBXShellScriptBuildPhase section */
		00EBE75166AE5AE75617E7B8 /* [CP] Embed Pods Frameworks */ = {
			isa = PBXShellScriptBuildPhase;
			buildActionMask = 2147483647;
			files = (
			);
			inputFileListPaths = (
				"${PODS_ROOT}/Target Support Files/Pods-TrackFood/Pods-TrackFood-frameworks-${CONFIGURATION}-input-files.xcfilelist",
			);
			name = "[CP] Embed Pods Frameworks";
			outputFileListPaths = (
				"${PODS_ROOT}/Target Support Files/Pods-TrackFood/Pods-TrackFood-frameworks-${CONFIGURATION}-output-files.xcfilelist",
			);
			runOnlyForDeploymentPostprocessing = 0;
			shellPath = /bin/sh;
			shellScript = "\"${PODS_ROOT}/Target Support Files/Pods-TrackFood/Pods-TrackFood-frameworks.sh\"\n";
			showEnvVarsInLog = 0;
		};
		9808C9A504942F9FAE936345 /* [CP] Check Pods Manifest.lock */ = {
			isa = PBXShellScriptBuildPhase;
			buildActionMask = 2147483647;
			files = (
			);
			inputFileListPaths = (
			);
			inputPaths = (
				"${PODS_PODFILE_DIR_PATH}/Podfile.lock",
				"${PODS_ROOT}/Manifest.lock",
			);
			name = "[CP] Check Pods Manifest.lock";
			outputFileListPaths = (
			);
			outputPaths = (
				"$(DERIVED_FILE_DIR)/Pods-TrackFood-checkManifestLockResult.txt",
			);
			runOnlyForDeploymentPostprocessing = 0;
			shellPath = /bin/sh;
			shellScript = "diff \"${PODS_PODFILE_DIR_PATH}/Podfile.lock\" \"${PODS_ROOT}/Manifest.lock\" > /dev/null\nif [ $? != 0 ] ; then\n    # print error to STDERR\n    echo \"error: The sandbox is not in sync with the Podfile.lock. Run 'pod install' or update your CocoaPods installation.\" >&2\n    exit 1\nfi\n# This output is used by Xcode 'outputs' to avoid re-running this script phase.\necho \"SUCCESS\" > \"${SCRIPT_OUTPUT_FILE_0}\"\n";
			showEnvVarsInLog = 0;
		};
/* End PBXShellScriptBuildPhase section */

/* Begin PBXSourcesBuildPhase section */
		886DF53C24492DBB006BC63E /* Sources */ = {
			isa = PBXSourcesBuildPhase;
			buildActionMask = 2147483647;
			files = (
				88F7E958245118C200B1867F /* baldAblaufendTab.swift in Sources */,
				88E86888244B2F1B006E3BB3 /* FilialenDetailTab.swift in Sources */,
				88F7E956245117A700B1867F /* LebensmittelLieferungCell.swift in Sources */,
				88ABF9B9244BC95F006E13F4 /* LebensmittelHinzufügenTab.swift in Sources */,
				88318CF1244B877F00B85FAD /* ProfilTab.swift in Sources */,
				88E8687A244B1DA3006E3BB3 /* FilialenVerwaltenTab.swift in Sources */,
				88922E49244A647B000C46D1 /* AdminModeTab.swift in Sources */,
				88C377F6244A142D004931C1 /* Mitarbeiter.swift in Sources */,
				886DF54824492DBB006BC63E /* ViewController.swift in Sources */,
				886DF55A244932EA006BC63E /* MenuPunkt.swift in Sources */,
				88C377F02449F43F004931C1 /* NeueLieferungTab.swift in Sources */,
				88F6F8132514D86700DCC88E /* FBHandler.swift in Sources */,
				88E86876244B1BE8006E3BB3 /* Unternehmen.swift in Sources */,
				88922E4B244A6D33000C46D1 /* FirmenLizenzCheckTab.swift in Sources */,
				88BF920D244C6C1000E5EE6B /* LebensmittelSearchTab.swift in Sources */,
				886DF55C24493335006BC63E /* ModelData.swift in Sources */,
				886DF55E24493A59006BC63E /* MenuPointCell.swift in Sources */,
				8806536D2449D93100B6010D /* LoginTab.swift in Sources */,
				88E86878244B1D39006E3BB3 /* FilialenCell.swift in Sources */,
				886DF54424492DBB006BC63E /* AppDelegate.swift in Sources */,
				88ABF9BB244BD09F006E13F4 /* ImagePicker.swift in Sources */,
				88BF920F244C6D7000E5EE6B /* LebensmittelCell.swift in Sources */,
				88F6F8172514D9CF00DCC88E /* User.swift in Sources */,
				88F6F8192514E18C00DCC88E /* splashScreenTab.swift in Sources */,
				88E86884244B2033006E3BB3 /* Berechtigungscode.swift in Sources */,
				88922E4D244A6F4D000C46D1 /* Lizenz.swift in Sources */,
				886DF54624492DBB006BC63E /* SceneDelegate.swift in Sources */,
				88318CEF244B77D000B85FAD /* registerTab.swift in Sources */,
				88C377EE2449F1A5004931C1 /* ListeAnsehenTab.swift in Sources */,
				88BA627525165DCD00E534B9 /* createFilialeTab.swift in Sources */,
				88C377F2244A1310004931C1 /* Lebensmittel.swift in Sources */,
				88C33ADB244CF2D400723ADE /* LebensmittelDetailsTab.swift in Sources */,
				88C33ADF244D271500723ADE /* LieferungHinzufügenTab.swift in Sources */,
				88E8687C244B1E58006E3BB3 /* Filiale.swift in Sources */,
				88E8687E244B1EDB006E3BB3 /* Lieferrung.swift in Sources */,
				8883F90B2735FEF4007C7F4E /* Constants.swift in Sources */,
				88C377EC2449E346004931C1 /* LebensmittelTab.swift in Sources */,
			);
			runOnlyForDeploymentPostprocessing = 0;
		};
/* End PBXSourcesBuildPhase section */

/* Begin PBXVariantGroup section */
		886DF54924492DBB006BC63E /* Main.storyboard */ = {
			isa = PBXVariantGroup;
			children = (
				886DF54A24492DBB006BC63E /* Base */,
			);
			name = Main.storyboard;
			sourceTree = "<group>";
		};
		886DF54E24492DBD006BC63E /* LaunchScreen.storyboard */ = {
			isa = PBXVariantGroup;
			children = (
				886DF54F24492DBD006BC63E /* Base */,
			);
			name = LaunchScreen.storyboard;
			sourceTree = "<group>";
		};
/* End PBXVariantGroup section */

/* Begin XCBuildConfiguration section */
		886DF55224492DBD006BC63E /* Debug */ = {
			isa = XCBuildConfiguration;
			buildSettings = {
				ALWAYS_SEARCH_USER_PATHS = NO;
				CLANG_ANALYZER_NONNULL = YES;
				CLANG_ANALYZER_NUMBER_OBJECT_CONVERSION = YES_AGGRESSIVE;
				CLANG_CXX_LANGUAGE_STANDARD = "gnu++14";
				CLANG_CXX_LIBRARY = "libc++";
				CLANG_ENABLE_MODULES = YES;
				CLANG_ENABLE_OBJC_ARC = YES;
				CLANG_ENABLE_OBJC_WEAK = YES;
				CLANG_WARN_BLOCK_CAPTURE_AUTORELEASING = YES;
				CLANG_WARN_BOOL_CONVERSION = YES;
				CLANG_WARN_COMMA = YES;
				CLANG_WARN_CONSTANT_CONVERSION = YES;
				CLANG_WARN_DEPRECATED_OBJC_IMPLEMENTATIONS = YES;
				CLANG_WARN_DIRECT_OBJC_ISA_USAGE = YES_ERROR;
				CLANG_WARN_DOCUMENTATION_COMMENTS = YES;
				CLANG_WARN_EMPTY_BODY = YES;
				CLANG_WARN_ENUM_CONVERSION = YES;
				CLANG_WARN_INFINITE_RECURSION = YES;
				CLANG_WARN_INT_CONVERSION = YES;
				CLANG_WARN_NON_LITERAL_NULL_CONVERSION = YES;
				CLANG_WARN_OBJC_IMPLICIT_RETAIN_SELF = YES;
				CLANG_WARN_OBJC_LITERAL_CONVERSION = YES;
				CLANG_WARN_OBJC_ROOT_CLASS = YES_ERROR;
				CLANG_WARN_RANGE_LOOP_ANALYSIS = YES;
				CLANG_WARN_STRICT_PROTOTYPES = YES;
				CLANG_WARN_SUSPICIOUS_MOVE = YES;
				CLANG_WARN_UNGUARDED_AVAILABILITY = YES_AGGRESSIVE;
				CLANG_WARN_UNREACHABLE_CODE = YES;
				CLANG_WARN__DUPLICATE_METHOD_MATCH = YES;
				COPY_PHASE_STRIP = NO;
				DEBUG_INFORMATION_FORMAT = dwarf;
				ENABLE_STRICT_OBJC_MSGSEND = YES;
				ENABLE_TESTABILITY = YES;
				GCC_C_LANGUAGE_STANDARD = gnu11;
				GCC_DYNAMIC_NO_PIC = NO;
				GCC_NO_COMMON_BLOCKS = YES;
				GCC_OPTIMIZATION_LEVEL = 0;
				GCC_PREPROCESSOR_DEFINITIONS = (
					"DEBUG=1",
					"$(inherited)",
				);
				GCC_WARN_64_TO_32_BIT_CONVERSION = YES;
				GCC_WARN_ABOUT_RETURN_TYPE = YES_ERROR;
				GCC_WARN_UNDECLARED_SELECTOR = YES;
				GCC_WARN_UNINITIALIZED_AUTOS = YES_AGGRESSIVE;
				GCC_WARN_UNUSED_FUNCTION = YES;
				GCC_WARN_UNUSED_VARIABLE = YES;
				IPHONEOS_DEPLOYMENT_TARGET = 13.4;
				MTL_ENABLE_DEBUG_INFO = INCLUDE_SOURCE;
				MTL_FAST_MATH = YES;
				ONLY_ACTIVE_ARCH = YES;
				SDKROOT = iphoneos;
				SWIFT_ACTIVE_COMPILATION_CONDITIONS = DEBUG;
				SWIFT_OPTIMIZATION_LEVEL = "-Onone";
			};
			name = Debug;
		};
		886DF55324492DBD006BC63E /* Release */ = {
			isa = XCBuildConfiguration;
			buildSettings = {
				ALWAYS_SEARCH_USER_PATHS = NO;
				CLANG_ANALYZER_NONNULL = YES;
				CLANG_ANALYZER_NUMBER_OBJECT_CONVERSION = YES_AGGRESSIVE;
				CLANG_CXX_LANGUAGE_STANDARD = "gnu++14";
				CLANG_CXX_LIBRARY = "libc++";
				CLANG_ENABLE_MODULES = YES;
				CLANG_ENABLE_OBJC_ARC = YES;
				CLANG_ENABLE_OBJC_WEAK = YES;
				CLANG_WARN_BLOCK_CAPTURE_AUTORELEASING = YES;
				CLANG_WARN_BOOL_CONVERSION = YES;
				CLANG_WARN_COMMA = YES;
				CLANG_WARN_CONSTANT_CONVERSION = YES;
				CLANG_WARN_DEPRECATED_OBJC_IMPLEMENTATIONS = YES;
				CLANG_WARN_DIRECT_OBJC_ISA_USAGE = YES_ERROR;
				CLANG_WARN_DOCUMENTATION_COMMENTS = YES;
				CLANG_WARN_EMPTY_BODY = YES;
				CLANG_WARN_ENUM_CONVERSION = YES;
				CLANG_WARN_INFINITE_RECURSION = YES;
				CLANG_WARN_INT_CONVERSION = YES;
				CLANG_WARN_NON_LITERAL_NULL_CONVERSION = YES;
				CLANG_WARN_OBJC_IMPLICIT_RETAIN_SELF = YES;
				CLANG_WARN_OBJC_LITERAL_CONVERSION = YES;
				CLANG_WARN_OBJC_ROOT_CLASS = YES_ERROR;
				CLANG_WARN_RANGE_LOOP_ANALYSIS = YES;
				CLANG_WARN_STRICT_PROTOTYPES = YES;
				CLANG_WARN_SUSPICIOUS_MOVE = YES;
				CLANG_WARN_UNGUARDED_AVAILABILITY = YES_AGGRESSIVE;
				CLANG_WARN_UNREACHABLE_CODE = YES;
				CLANG_WARN__DUPLICATE_METHOD_MATCH = YES;
				COPY_PHASE_STRIP = NO;
				DEBUG_INFORMATION_FORMAT = "dwarf-with-dsym";
				ENABLE_NS_ASSERTIONS = NO;
				ENABLE_STRICT_OBJC_MSGSEND = YES;
				GCC_C_LANGUAGE_STANDARD = gnu11;
				GCC_NO_COMMON_BLOCKS = YES;
				GCC_WARN_64_TO_32_BIT_CONVERSION = YES;
				GCC_WARN_ABOUT_RETURN_TYPE = YES_ERROR;
				GCC_WARN_UNDECLARED_SELECTOR = YES;
				GCC_WARN_UNINITIALIZED_AUTOS = YES_AGGRESSIVE;
				GCC_WARN_UNUSED_FUNCTION = YES;
				GCC_WARN_UNUSED_VARIABLE = YES;
				IPHONEOS_DEPLOYMENT_TARGET = 13.4;
				MTL_ENABLE_DEBUG_INFO = NO;
				MTL_FAST_MATH = YES;
				SDKROOT = iphoneos;
				SWIFT_COMPILATION_MODE = wholemodule;
				SWIFT_OPTIMIZATION_LEVEL = "-O";
				VALIDATE_PRODUCT = YES;
			};
			name = Release;
		};
		886DF55524492DBD006BC63E /* Debug */ = {
			isa = XCBuildConfiguration;
			baseConfigurationReference = 727839F3C3FF56E8349E0CC4 /* Pods-TrackFood.debug.xcconfig */;
			buildSettings = {
				ASSETCATALOG_COMPILER_APPICON_NAME = "AppIcon-2";
				CODE_SIGN_STYLE = Automatic;
				DEVELOPMENT_TEAM = CMCESWENEQ;
				INFOPLIST_FILE = TrackFood/Info.plist;
				IPHONEOS_DEPLOYMENT_TARGET = 13.2;
				LD_RUNPATH_SEARCH_PATHS = (
					"$(inherited)",
					"@executable_path/Frameworks",
				);
				OTHER_CODE_SIGN_FLAGS = "--generate-entitlement-der";
				PRODUCT_BUNDLE_IDENTIFIER = com.cyberFacility.TrackFood;
				PRODUCT_NAME = "$(TARGET_NAME)";
				SWIFT_VERSION = 5.0;
				TARGETED_DEVICE_FAMILY = "1,2";
			};
			name = Debug;
		};
		886DF55624492DBD006BC63E /* Release */ = {
			isa = XCBuildConfiguration;
			baseConfigurationReference = D9D47D5C009AEB3005C9B39C /* Pods-TrackFood.release.xcconfig */;
			buildSettings = {
				ASSETCATALOG_COMPILER_APPICON_NAME = "AppIcon-2";
				CODE_SIGN_STYLE = Automatic;
				DEVELOPMENT_TEAM = CMCESWENEQ;
				INFOPLIST_FILE = TrackFood/Info.plist;
				IPHONEOS_DEPLOYMENT_TARGET = 13.2;
				LD_RUNPATH_SEARCH_PATHS = (
					"$(inherited)",
					"@executable_path/Frameworks",
				);
				OTHER_CODE_SIGN_FLAGS = "--generate-entitlement-der";
				PRODUCT_BUNDLE_IDENTIFIER = com.cyberFacility.TrackFood;
				PRODUCT_NAME = "$(TARGET_NAME)";
				SWIFT_VERSION = 5.0;
				TARGETED_DEVICE_FAMILY = "1,2";
			};
			name = Release;
		};
/* End XCBuildConfiguration section */

/* Begin XCConfigurationList section */
		886DF53B24492DBB006BC63E /* Build configuration list for PBXProject "TrackFood" */ = {
			isa = XCConfigurationList;
			buildConfigurations = (
				886DF55224492DBD006BC63E /* Debug */,
				886DF55324492DBD006BC63E /* Release */,
			);
			defaultConfigurationIsVisible = 0;
			defaultConfigurationName = Release;
		};
		886DF55424492DBD006BC63E /* Build configuration list for PBXNativeTarget "TrackFood" */ = {
			isa = XCConfigurationList;
			buildConfigurations = (
				886DF55524492DBD006BC63E /* Debug */,
				886DF55624492DBD006BC63E /* Release */,
			);
			defaultConfigurationIsVisible = 0;
			defaultConfigurationName = Release;
		};
/* End XCConfigurationList section */
	};
	rootObject = 886DF53824492DBB006BC63E /* Project object */;
}
